
Microsoft Visual Studio Solution File, Format Version 12.00
# Visual Studio Version 17
VisualStudioVersion = 17.5.002.0
MinimumVisualStudioVersion = 10.0.40219.1
Project("{9A19103F-16F7-4668-BE54-9A1E7A4F7556}") = "MarcosTeste", "MarcosTeste.csproj", "{AE029ACC-CAC3-4D4D-BA4E-A6FF713DBF9D}"
EndProject
Global
	GlobalSection(SolutionConfigurationPlatforms) = preSolution
		Debug|Any CPU = Debug|Any CPU
		Release|Any CPU = Release|Any CPU
	EndGlobalSection
	GlobalSection(ProjectConfigurationPlatforms) = postSolution
		{AE029ACC-CAC3-4D4D-BA4E-A6FF713DBF9D}.Debug|Any CPU.ActiveCfg = Debug|Any CPU
		{AE029ACC-CAC3-4D4D-BA4E-A6FF713DBF9D}.Debug|Any CPU.Build.0 = Debug|Any CPU
		{AE029ACC-CAC3-4D4D-BA4E-A6FF713DBF9D}.Release|Any CPU.ActiveCfg = Release|Any CPU
		{AE029ACC-CAC3-4D4D-BA4E-A6FF713DBF9D}.Release|Any CPU.Build.0 = Release|Any CPU
	EndGlobalSection
	GlobalSection(SolutionProperties) = preSolution
		HideSolutionNode = FALSE
	EndGlobalSection
	GlobalSection(ExtensibilityGlobals) = postSolution
		SolutionGuid = {EAAB6632-41D5-4BC8-9D0A-969B9C162C9A}
	EndGlobalSection
EndGlobal
